
Microsoft Visual Studio Solution File, Format Version 12.00
# Visual Studio Version 17
VisualStudioVersion = 17.13.35825.156
MinimumVisualStudioVersion = 10.0.40219.1
Project("{2150E333-8FDC-42A3-9474-1A3956D46DE8}") = "src", "src", "{02EA681E-C7D8-13C7-8484-4AC65E1B71E8}"
EndProject
Project("{FAE04EC0-301F-11D3-BF4B-00C04F79EFBC}") = "HappyPayment.Domain", "HappyPayment.Domain\HappyPayment.Domain.csproj", "{9CFA0AC0-87D7-41C8-8FBD-C7825C75E1F8}"
EndProject
Project("{FAE04EC0-301F-11D3-BF4B-00C04F79EFBC}") = "HappyPayment.Application", "HappyPayment.Application\HappyPayment.Application.csproj", "{7C002F62-CC35-4429-A1B4-A02737AD3353}"
EndProject
Project("{FAE04EC0-301F-11D3-BF4B-00C04F79EFBC}") = "HappyPayment.Infrastructure", "HappyPayment.Infrastructure\HappyPayment.Infrastructure.csproj", "{0A1172B9-A142-47B4-A1AF-3554D2D58E9D}"
EndProject
Project("{FAE04EC0-301F-11D3-BF4B-00C04F79EFBC}") = "HappyPayment.Presentation", "HappyPayment.Presentation\HappyPayment.Presentation.csproj", "{04435DAD-F23C-CBC3-CAB9-1C119D0EF673}"
EndProject
Global
	GlobalSection(SolutionConfigurationPlatforms) = preSolution
		Debug|Any CPU = Debug|Any CPU
		Release|Any CPU = Release|Any CPU
	EndGlobalSection
	GlobalSection(ProjectConfigurationPlatforms) = postSolution
		{9CFA0AC0-87D7-41C8-8FBD-C7825C75E1F8}.Debug|Any CPU.ActiveCfg = Debug|Any CPU
		{9CFA0AC0-87D7-41C8-8FBD-C7825C75E1F8}.Debug|Any CPU.Build.0 = Debug|Any CPU
		{9CFA0AC0-87D7-41C8-8FBD-C7825C75E1F8}.Release|Any CPU.ActiveCfg = Release|Any CPU
		{9CFA0AC0-87D7-41C8-8FBD-C7825C75E1F8}.Release|Any CPU.Build.0 = Release|Any CPU
		{7C002F62-CC35-4429-A1B4-A02737AD3353}.Debug|Any CPU.ActiveCfg = Debug|Any CPU
		{7C002F62-CC35-4429-A1B4-A02737AD3353}.Debug|Any CPU.Build.0 = Debug|Any CPU
		{7C002F62-CC35-4429-A1B4-A02737AD3353}.Release|Any CPU.ActiveCfg = Release|Any CPU
		{7C002F62-CC35-4429-A1B4-A02737AD3353}.Release|Any CPU.Build.0 = Release|Any CPU
		{0A1172B9-A142-47B4-A1AF-3554D2D58E9D}.Debug|Any CPU.ActiveCfg = Debug|Any CPU
		{0A1172B9-A142-47B4-A1AF-3554D2D58E9D}.Debug|Any CPU.Build.0 = Debug|Any CPU
		{0A1172B9-A142-47B4-A1AF-3554D2D58E9D}.Release|Any CPU.ActiveCfg = Release|Any CPU
		{0A1172B9-A142-47B4-A1AF-3554D2D58E9D}.Release|Any CPU.Build.0 = Release|Any CPU
		{04435DAD-F23C-CBC3-CAB9-1C119D0EF673}.Debug|Any CPU.ActiveCfg = Debug|Any CPU
		{04435DAD-F23C-CBC3-CAB9-1C119D0EF673}.Debug|Any CPU.Build.0 = Debug|Any CPU
		{04435DAD-F23C-CBC3-CAB9-1C119D0EF673}.Release|Any CPU.ActiveCfg = Release|Any CPU
		{04435DAD-F23C-CBC3-CAB9-1C119D0EF673}.Release|Any CPU.Build.0 = Release|Any CPU
	EndGlobalSection
	GlobalSection(SolutionProperties) = preSolution
		HideSolutionNode = FALSE
	EndGlobalSection
	GlobalSection(NestedProjects) = preSolution
		{9CFA0AC0-87D7-41C8-8FBD-C7825C75E1F8} = {02EA681E-C7D8-13C7-8484-4AC65E1B71E8}
		{7C002F62-CC35-4429-A1B4-A02737AD3353} = {02EA681E-C7D8-13C7-8484-4AC65E1B71E8}
		{0A1172B9-A142-47B4-A1AF-3554D2D58E9D} = {02EA681E-C7D8-13C7-8484-4AC65E1B71E8}
		{04435DAD-F23C-CBC3-CAB9-1C119D0EF673} = {02EA681E-C7D8-13C7-8484-4AC65E1B71E8}
	EndGlobalSection
	GlobalSection(ExtensibilityGlobals) = postSolution
		SolutionGuid = {F223144E-2493-49A1-8E15-F5D0CB878C24}
	EndGlobalSection
EndGlobal
